
Microsoft Visual Studio Solution File, Format Version 12.00
Project("{FAE04EC0-301F-11D3-BF4B-00C04F79EFBC}") = "Tripous", "Tripous\Tripous.csproj", "{E66B3424-8A33-428C-8CC9-E8392EE13643}"
EndProject
Project("{FAE04EC0-301F-11D3-BF4B-00C04F79EFBC}") = "Tripous.Desktop", "Tripous.Desktop\Tripous.Desktop.csproj", "{12FF53DD-2036-470E-892D-51B8B4FB9647}"
EndProject
Project("{FAE04EC0-301F-11D3-BF4B-00C04F79EFBC}") = "DesktopApp00", "TestApps\DesktopApp00\DesktopApp00.csproj", "{6E8530C8-0414-4F53-B9FC-4BF3D394B1D4}"
EndProject
Project("{2150E333-8FDC-42A3-9474-1A3956D46DE8}") = "TestApps", "TestApps", "{F37EB0FD-0985-4110-A9B2-02627F097760}"
EndProject
Project("{FAE04EC0-301F-11D3-BF4B-00C04F79EFBC}") = "Tripous.Avalon.Old", "Tripous.Avalon.Old\Tripous.Avalon.Old.csproj", "{87502C7E-D878-45BC-B1BE-9805EC79E6D3}"
EndProject
Project("{FAE04EC0-301F-11D3-BF4B-00C04F79EFBC}") = "Tripous.Data", "Tripous.Data\Tripous.Data.csproj", "{C8382F5B-E37E-4E84-884B-EE9862D4E7EB}"
EndProject
Project("{FAE04EC0-301F-11D3-BF4B-00C04F79EFBC}") = "Tripous.Links", "Tripous.Links\Tripous.Links.csproj", "{81EDA4C8-908C-4937-BC4A-B313ED0F7485}"
EndProject
Project("{2150E333-8FDC-42A3-9474-1A3956D46DE8}") = "SampleApps", "SampleApps", "{516E246E-43D3-44A6-B049-1E396973D39F}"
EndProject
Project("{FAE04EC0-301F-11D3-BF4B-00C04F79EFBC}") = "tERP", "SampleApps\TinyERP\tERP\tERP.csproj", "{77C95068-E1B0-4700-AE9D-ACC5254B04D7}"
EndProject
Project("{2150E333-8FDC-42A3-9474-1A3956D46DE8}") = "TinyERP", "TinyERP", "{F37BB221-DC58-433E-AB04-43519CEB1B97}"
EndProject
Project("{FAE04EC0-301F-11D3-BF4B-00C04F79EFBC}") = "tERP.Common", "SampleApps\TinyERP\tERP.Common\tERP.Common.csproj", "{D21256B1-5A55-492A-B651-7B513710AFA5}"
EndProject
Project("{FAE04EC0-301F-11D3-BF4B-00C04F79EFBC}") = "tERP.Data", "SampleApps\TinyERP\tERP.Data\tERP.Data.csproj", "{603E047B-8241-47F0-934C-D1B23CAB9F7E}"
EndProject
Project("{FAE04EC0-301F-11D3-BF4B-00C04F79EFBC}") = "tERP.Desktop", "SampleApps\TinyERP\tERP.Desktop\tERP.Desktop.csproj", "{94C8A38D-FF27-4E09-B5C3-B072AA642B6C}"
EndProject
Project("{2150E333-8FDC-42A3-9474-1A3956D46DE8}") = "Docs", "Docs", "{05849928-AE83-430E-9F6B-40A225E3AE2E}"
	ProjectSection(SolutionItems) = preProject
		SampleApps\TinyERP\Docs\Notes.txt = SampleApps\TinyERP\Docs\Notes.txt
		SampleApps\TinyERP\Docs\ReadMe.md = SampleApps\TinyERP\Docs\ReadMe.md
		SampleApps\TinyERP\Docs\Temp.txt = SampleApps\TinyERP\Docs\Temp.txt
	EndProjectSection
EndProject
Project("{FAE04EC0-301F-11D3-BF4B-00C04F79EFBC}") = "Tripous.Logging", "Tripous.Logging\Tripous.Logging.csproj", "{EDD766E7-870B-4EBA-8DC7-B36ED1A86E47}"
EndProject
Global
	GlobalSection(SolutionConfigurationPlatforms) = preSolution
		Debug|Any CPU = Debug|Any CPU
		Release|Any CPU = Release|Any CPU
	EndGlobalSection
	GlobalSection(ProjectConfigurationPlatforms) = postSolution
		{E66B3424-8A33-428C-8CC9-E8392EE13643}.Debug|Any CPU.ActiveCfg = Debug|Any CPU
		{E66B3424-8A33-428C-8CC9-E8392EE13643}.Debug|Any CPU.Build.0 = Debug|Any CPU
		{E66B3424-8A33-428C-8CC9-E8392EE13643}.Release|Any CPU.ActiveCfg = Release|Any CPU
		{E66B3424-8A33-428C-8CC9-E8392EE13643}.Release|Any CPU.Build.0 = Release|Any CPU
		{12FF53DD-2036-470E-892D-51B8B4FB9647}.Debug|Any CPU.ActiveCfg = Debug|Any CPU
		{12FF53DD-2036-470E-892D-51B8B4FB9647}.Debug|Any CPU.Build.0 = Debug|Any CPU
		{12FF53DD-2036-470E-892D-51B8B4FB9647}.Release|Any CPU.ActiveCfg = Release|Any CPU
		{12FF53DD-2036-470E-892D-51B8B4FB9647}.Release|Any CPU.Build.0 = Release|Any CPU
		{6E8530C8-0414-4F53-B9FC-4BF3D394B1D4}.Debug|Any CPU.ActiveCfg = Debug|Any CPU
		{6E8530C8-0414-4F53-B9FC-4BF3D394B1D4}.Debug|Any CPU.Build.0 = Debug|Any CPU
		{6E8530C8-0414-4F53-B9FC-4BF3D394B1D4}.Release|Any CPU.ActiveCfg = Release|Any CPU
		{6E8530C8-0414-4F53-B9FC-4BF3D394B1D4}.Release|Any CPU.Build.0 = Release|Any CPU
		{87502C7E-D878-45BC-B1BE-9805EC79E6D3}.Debug|Any CPU.ActiveCfg = Debug|Any CPU
		{87502C7E-D878-45BC-B1BE-9805EC79E6D3}.Debug|Any CPU.Build.0 = Debug|Any CPU
		{87502C7E-D878-45BC-B1BE-9805EC79E6D3}.Release|Any CPU.ActiveCfg = Release|Any CPU
		{87502C7E-D878-45BC-B1BE-9805EC79E6D3}.Release|Any CPU.Build.0 = Release|Any CPU
		{C8382F5B-E37E-4E84-884B-EE9862D4E7EB}.Debug|Any CPU.ActiveCfg = Debug|Any CPU
		{C8382F5B-E37E-4E84-884B-EE9862D4E7EB}.Debug|Any CPU.Build.0 = Debug|Any CPU
		{C8382F5B-E37E-4E84-884B-EE9862D4E7EB}.Release|Any CPU.ActiveCfg = Release|Any CPU
		{C8382F5B-E37E-4E84-884B-EE9862D4E7EB}.Release|Any CPU.Build.0 = Release|Any CPU
		{81EDA4C8-908C-4937-BC4A-B313ED0F7485}.Debug|Any CPU.ActiveCfg = Debug|Any CPU
		{81EDA4C8-908C-4937-BC4A-B313ED0F7485}.Debug|Any CPU.Build.0 = Debug|Any CPU
		{81EDA4C8-908C-4937-BC4A-B313ED0F7485}.Release|Any CPU.ActiveCfg = Release|Any CPU
		{81EDA4C8-908C-4937-BC4A-B313ED0F7485}.Release|Any CPU.Build.0 = Release|Any CPU
		{77C95068-E1B0-4700-AE9D-ACC5254B04D7}.Debug|Any CPU.ActiveCfg = Debug|Any CPU
		{77C95068-E1B0-4700-AE9D-ACC5254B04D7}.Debug|Any CPU.Build.0 = Debug|Any CPU
		{77C95068-E1B0-4700-AE9D-ACC5254B04D7}.Release|Any CPU.ActiveCfg = Release|Any CPU
		{77C95068-E1B0-4700-AE9D-ACC5254B04D7}.Release|Any CPU.Build.0 = Release|Any CPU
		{D21256B1-5A55-492A-B651-7B513710AFA5}.Debug|Any CPU.ActiveCfg = Debug|Any CPU
		{D21256B1-5A55-492A-B651-7B513710AFA5}.Debug|Any CPU.Build.0 = Debug|Any CPU
		{D21256B1-5A55-492A-B651-7B513710AFA5}.Release|Any CPU.ActiveCfg = Release|Any CPU
		{D21256B1-5A55-492A-B651-7B513710AFA5}.Release|Any CPU.Build.0 = Release|Any CPU
		{603E047B-8241-47F0-934C-D1B23CAB9F7E}.Debug|Any CPU.ActiveCfg = Debug|Any CPU
		{603E047B-8241-47F0-934C-D1B23CAB9F7E}.Debug|Any CPU.Build.0 = Debug|Any CPU
		{603E047B-8241-47F0-934C-D1B23CAB9F7E}.Release|Any CPU.ActiveCfg = Release|Any CPU
		{603E047B-8241-47F0-934C-D1B23CAB9F7E}.Release|Any CPU.Build.0 = Release|Any CPU
		{94C8A38D-FF27-4E09-B5C3-B072AA642B6C}.Debug|Any CPU.ActiveCfg = Debug|Any CPU
		{94C8A38D-FF27-4E09-B5C3-B072AA642B6C}.Debug|Any CPU.Build.0 = Debug|Any CPU
		{94C8A38D-FF27-4E09-B5C3-B072AA642B6C}.Release|Any CPU.ActiveCfg = Release|Any CPU
		{94C8A38D-FF27-4E09-B5C3-B072AA642B6C}.Release|Any CPU.Build.0 = Release|Any CPU
		{EDD766E7-870B-4EBA-8DC7-B36ED1A86E47}.Debug|Any CPU.ActiveCfg = Debug|Any CPU
		{EDD766E7-870B-4EBA-8DC7-B36ED1A86E47}.Debug|Any CPU.Build.0 = Debug|Any CPU
		{EDD766E7-870B-4EBA-8DC7-B36ED1A86E47}.Release|Any CPU.ActiveCfg = Release|Any CPU
		{EDD766E7-870B-4EBA-8DC7-B36ED1A86E47}.Release|Any CPU.Build.0 = Release|Any CPU
	EndGlobalSection
	GlobalSection(NestedProjects) = preSolution
		{6E8530C8-0414-4F53-B9FC-4BF3D394B1D4} = {F37EB0FD-0985-4110-A9B2-02627F097760}
		{F37BB221-DC58-433E-AB04-43519CEB1B97} = {516E246E-43D3-44A6-B049-1E396973D39F}
		{77C95068-E1B0-4700-AE9D-ACC5254B04D7} = {F37BB221-DC58-433E-AB04-43519CEB1B97}
		{D21256B1-5A55-492A-B651-7B513710AFA5} = {F37BB221-DC58-433E-AB04-43519CEB1B97}
		{603E047B-8241-47F0-934C-D1B23CAB9F7E} = {F37BB221-DC58-433E-AB04-43519CEB1B97}
		{94C8A38D-FF27-4E09-B5C3-B072AA642B6C} = {F37BB221-DC58-433E-AB04-43519CEB1B97}
		{05849928-AE83-430E-9F6B-40A225E3AE2E} = {F37BB221-DC58-433E-AB04-43519CEB1B97}
	EndGlobalSection
EndGlobal
