Microsoft Visual Studio Solution File, Format Version 12.00
# Visual Studio Version 17
VisualStudioVersion = 17.5.2.0
MinimumVisualStudioVersion = 10.0.40219.1
Project("{FAE04EC0-301F-11D3-BF4B-00C04F79EFBC}") = "Tripous.Avalon", "Tripous.Avalon.csproj", "{EDCAE902-BE76-4F0B-6F43-5BC1BD28A19C}"
EndProject
Global
	GlobalSection(SolutionConfigurationPlatforms) = preSolution
		Debug|Any CPU = Debug|Any CPU
		Release|Any CPU = Release|Any CPU
	EndGlobalSection
	GlobalSection(ProjectConfigurationPlatforms) = postSolution
		{EDCAE902-BE76-4F0B-6F43-5BC1BD28A19C}.Debug|Any CPU.ActiveCfg = Debug|Any CPU
		{EDCAE902-BE76-4F0B-6F43-5BC1BD28A19C}.Debug|Any CPU.Build.0 = Debug|Any CPU
		{EDCAE902-BE76-4F0B-6F43-5BC1BD28A19C}.Release|Any CPU.ActiveCfg = Release|Any CPU
		{EDCAE902-BE76-4F0B-6F43-5BC1BD28A19C}.Release|Any CPU.Build.0 = Release|Any CPU
	EndGlobalSection
	GlobalSection(SolutionProperties) = preSolution
		HideSolutionNode = FALSE
	EndGlobalSection
	GlobalSection(ExtensibilityGlobals) = postSolution
		SolutionGuid = {44BAEBDD-9873-417D-B2EC-4BCA60ACD23A}
	EndGlobalSection
EndGlobal
